%{"certifi": {:hex, :certifi, "0.4.0"},
  "dialyxir": {:hex, :dialyxir, "0.3.3"},
  "dogma": {:hex, :dogma, "0.1.4"},
  "espec": {:hex, :espec, "0.8.18"},
  "excoveralls": {:hex, :excoveralls, "0.5.2"},
  "exjsx": {:hex, :exjsx, "3.2.0"},
  "hackney": {:hex, :hackney, "1.6.0"},
  "idna": {:hex, :idna, "1.2.0"},
  "jsx": {:hex, :jsx, "2.6.2"},
  "meck": {:hex, :meck, "0.8.4"},
  "metrics": {:hex, :metrics, "1.0.1"},
  "mimerl": {:hex, :mimerl, "1.0.2"},
  "poison": {:hex, :poison, "2.1.0"},
  "ssl_verify_fun": {:hex, :ssl_verify_fun, "1.1.0"}}
